// !$*UTF8*$!
{
	archiveVersion = 1;
	classes = {
	};
	objectVersion = 46;
	objects = {

/* Begin PBXBuildFile section */
		40312BDE1C39D3BC0090D6A1 /* AppDelegate.swift in Sources */ = {isa = PBXBuildFile; fileRef = 40312BDD1C39D3BC0090D6A1 /* AppDelegate.swift */; };
		40312BE31C39D3BC0090D6A1 /* Main.storyboard in Resources */ = {isa = PBXBuildFile; fileRef = 40312BE11C39D3BC0090D6A1 /* Main.storyboard */; };
		40312BE61C39D3BC0090D6A1 /* DNApp.xcdatamodeld in Sources */ = {isa = PBXBuildFile; fileRef = 40312BE41C39D3BC0090D6A1 /* DNApp.xcdatamodeld */; };
		40312BE81C39D3BC0090D6A1 /* Assets.xcassets in Resources */ = {isa = PBXBuildFile; fileRef = 40312BE71C39D3BC0090D6A1 /* Assets.xcassets */; };
		40312BEB1C39D3BC0090D6A1 /* LaunchScreen.storyboard in Resources */ = {isa = PBXBuildFile; fileRef = 40312BE91C39D3BC0090D6A1 /* LaunchScreen.storyboard */; };
		404787261C41A3E50055368A /* SwiftyJSON.swift in Sources */ = {isa = PBXBuildFile; fileRef = 404787251C41A3E50055368A /* SwiftyJSON.swift */; };
		404787281C41AE010055368A /* CommentTableViewCell.swift in Sources */ = {isa = PBXBuildFile; fileRef = 404787271C41AE010055368A /* CommentTableViewCell.swift */; };
		406B62251C7FB2220087DC52 /* LocalStore.swift in Sources */ = {isa = PBXBuildFile; fileRef = 406B62241C7FB2220087DC52 /* LocalStore.swift */; };
		407577261C40CF7A00B8744C /* CommentsTableViewController.swift in Sources */ = {isa = PBXBuildFile; fileRef = 407577251C40CF7A00B8744C /* CommentsTableViewController.swift */; };
		408199081C3D096D006B0109 /* MenuViewController.swift in Sources */ = {isa = PBXBuildFile; fileRef = 408199071C3D096D006B0109 /* MenuViewController.swift */; };
		4081990A1C3D0A32006B0109 /* WebViewController.swift in Sources */ = {isa = PBXBuildFile; fileRef = 408199091C3D0A32006B0109 /* WebViewController.swift */; };
		408A8E8A1C3BC33A009CFE23 /* LoginViewController.swift in Sources */ = {isa = PBXBuildFile; fileRef = 408A8E891C3BC33A009CFE23 /* LoginViewController.swift */; };
		408A8E8C1C3BFD53009CFE23 /* LearnViewController.swift in Sources */ = {isa = PBXBuildFile; fileRef = 408A8E8B1C3BFD53009CFE23 /* LearnViewController.swift */; };
		408A8E8E1C3C2F9B009CFE23 /* StoriesTableViewController.swift in Sources */ = {isa = PBXBuildFile; fileRef = 408A8E8D1C3C2F9B009CFE23 /* StoriesTableViewController.swift */; };
		408E4AF11C3A758500204F54 /* AsyncButton.swift in Sources */ = {isa = PBXBuildFile; fileRef = 408E4AD31C3A758500204F54 /* AsyncButton.swift */; };
		408E4AF21C3A758500204F54 /* AsyncImageView.swift in Sources */ = {isa = PBXBuildFile; fileRef = 408E4AD41C3A758500204F54 /* AsyncImageView.swift */; };
		408E4AF31C3A758500204F54 /* AutoTextView.swift in Sources */ = {isa = PBXBuildFile; fileRef = 408E4AD51C3A758500204F54 /* AutoTextView.swift */; };
		408E4AF41C3A758500204F54 /* BlurView.swift in Sources */ = {isa = PBXBuildFile; fileRef = 408E4AD61C3A758500204F54 /* BlurView.swift */; };
		408E4AF51C3A758500204F54 /* DesignableButton.swift in Sources */ = {isa = PBXBuildFile; fileRef = 408E4AD71C3A758500204F54 /* DesignableButton.swift */; };
		408E4AF61C3A758500204F54 /* DesignableImageView.swift in Sources */ = {isa = PBXBuildFile; fileRef = 408E4AD81C3A758500204F54 /* DesignableImageView.swift */; };
		408E4AF71C3A758500204F54 /* DesignableLabel.swift in Sources */ = {isa = PBXBuildFile; fileRef = 408E4AD91C3A758500204F54 /* DesignableLabel.swift */; };
		408E4AF81C3A758500204F54 /* DesignableTabBarController.swift in Sources */ = {isa = PBXBuildFile; fileRef = 408E4ADA1C3A758500204F54 /* DesignableTabBarController.swift */; };
		408E4AF91C3A758500204F54 /* DesignableTextField.swift in Sources */ = {isa = PBXBuildFile; fileRef = 408E4ADB1C3A758500204F54 /* DesignableTextField.swift */; };
		408E4AFA1C3A758500204F54 /* DesignableTextView.swift in Sources */ = {isa = PBXBuildFile; fileRef = 408E4ADC1C3A758500204F54 /* DesignableTextView.swift */; };
		408E4AFB1C3A758500204F54 /* DesignableView.swift in Sources */ = {isa = PBXBuildFile; fileRef = 408E4ADD1C3A758500204F54 /* DesignableView.swift */; };
		408E4AFC1C3A758500204F54 /* ImageLoader.swift in Sources */ = {isa = PBXBuildFile; fileRef = 408E4ADE1C3A758500204F54 /* ImageLoader.swift */; };
		408E4AFD1C3A758500204F54 /* Info.plist in Resources */ = {isa = PBXBuildFile; fileRef = 408E4ADF1C3A758500204F54 /* Info.plist */; };
		408E4AFE1C3A758500204F54 /* KeyboardLayoutConstraint.swift in Sources */ = {isa = PBXBuildFile; fileRef = 408E4AE01C3A758500204F54 /* KeyboardLayoutConstraint.swift */; };
		408E4AFF1C3A758500204F54 /* LoadingView.swift in Sources */ = {isa = PBXBuildFile; fileRef = 408E4AE11C3A758500204F54 /* LoadingView.swift */; };
		408E4B001C3A758500204F54 /* LoadingView.xib in Resources */ = {isa = PBXBuildFile; fileRef = 408E4AE21C3A758500204F54 /* LoadingView.xib */; };
		408E4B011C3A758500204F54 /* Misc.swift in Sources */ = {isa = PBXBuildFile; fileRef = 408E4AE31C3A758500204F54 /* Misc.swift */; };
		408E4B021C3A758500204F54 /* SoundPlayer.swift in Sources */ = {isa = PBXBuildFile; fileRef = 408E4AE41C3A758500204F54 /* SoundPlayer.swift */; };
		408E4B031C3A758500204F54 /* Spring.swift in Sources */ = {isa = PBXBuildFile; fileRef = 408E4AE61C3A758500204F54 /* Spring.swift */; };
		408E4B041C3A758500204F54 /* SpringAnimation.swift in Sources */ = {isa = PBXBuildFile; fileRef = 408E4AE71C3A758500204F54 /* SpringAnimation.swift */; };
		408E4B051C3A758500204F54 /* SpringButton.swift in Sources */ = {isa = PBXBuildFile; fileRef = 408E4AE81C3A758500204F54 /* SpringButton.swift */; };
		408E4B061C3A758500204F54 /* SpringImageView.swift in Sources */ = {isa = PBXBuildFile; fileRef = 408E4AE91C3A758500204F54 /* SpringImageView.swift */; };
		408E4B071C3A758500204F54 /* SpringLabel.swift in Sources */ = {isa = PBXBuildFile; fileRef = 408E4AEA1C3A758500204F54 /* SpringLabel.swift */; };
		408E4B081C3A758500204F54 /* SpringTextField.swift in Sources */ = {isa = PBXBuildFile; fileRef = 408E4AEB1C3A758500204F54 /* SpringTextField.swift */; };
		408E4B091C3A758500204F54 /* SpringTextView.swift in Sources */ = {isa = PBXBuildFile; fileRef = 408E4AEC1C3A758500204F54 /* SpringTextView.swift */; };
		408E4B0A1C3A758500204F54 /* SpringView.swift in Sources */ = {isa = PBXBuildFile; fileRef = 408E4AED1C3A758500204F54 /* SpringView.swift */; };
		408E4B0B1C3A758500204F54 /* TransitionManager.swift in Sources */ = {isa = PBXBuildFile; fileRef = 408E4AEE1C3A758500204F54 /* TransitionManager.swift */; };
		408E4B0C1C3A758500204F54 /* TransitionZoom.swift in Sources */ = {isa = PBXBuildFile; fileRef = 408E4AEF1C3A758500204F54 /* TransitionZoom.swift */; };
		408E4B0D1C3A758500204F54 /* UnwindSegue.swift in Sources */ = {isa = PBXBuildFile; fileRef = 408E4AF01C3A758500204F54 /* UnwindSegue.swift */; };
		409B36D51C40398700693297 /* Data.swift in Sources */ = {isa = PBXBuildFile; fileRef = 409B36D41C40398700693297 /* Data.swift */; };
		40BE6B8D1C7BA70B00F56895 /* TPKeyboardAvoidingCollectionView.m in Sources */ = {isa = PBXBuildFile; fileRef = 40BE6B861C7BA70B00F56895 /* TPKeyboardAvoidingCollectionView.m */; };
		40BE6B8E1C7BA70B00F56895 /* TPKeyboardAvoidingScrollView.m in Sources */ = {isa = PBXBuildFile; fileRef = 40BE6B881C7BA70B00F56895 /* TPKeyboardAvoidingScrollView.m */; };
		40BE6B8F1C7BA70B00F56895 /* TPKeyboardAvoidingTableView.m in Sources */ = {isa = PBXBuildFile; fileRef = 40BE6B8A1C7BA70B00F56895 /* TPKeyboardAvoidingTableView.m */; };
		40BE6B901C7BA70B00F56895 /* UIScrollView+TPKeyboardAvoidingAdditions.m in Sources */ = {isa = PBXBuildFile; fileRef = 40BE6B8C1C7BA70B00F56895 /* UIScrollView+TPKeyboardAvoidingAdditions.m */; };
		40BE6BAE1C7BB10100F56895 /* Alamofire.framework in Frameworks */ = {isa = PBXBuildFile; fileRef = 40BE6B9C1C7BB09E00F56895 /* Alamofire.framework */; };
		40BE6BAF1C7BB10100F56895 /* Alamofire.framework in Embed Frameworks */ = {isa = PBXBuildFile; fileRef = 40BE6B9C1C7BB09E00F56895 /* Alamofire.framework */; settings = {ATTRIBUTES = (CodeSignOnCopy, RemoveHeadersOnCopy, ); }; };
		40BE6BB61C7BB15100F56895 /* DNService.swift in Sources */ = {isa = PBXBuildFile; fileRef = 40BE6BB51C7BB15100F56895 /* DNService.swift */; };
		40EAD82B1C3D9C57005E0729 /* StoryTableViewCell.swift in Sources */ = {isa = PBXBuildFile; fileRef = 40EAD82A1C3D9C57005E0729 /* StoryTableViewCell.swift */; };
		40FD0FD41C8348EA00221806 /* ReplyViewController.swift in Sources */ = {isa = PBXBuildFile; fileRef = 40FD0FD31C8348EA00221806 /* ReplyViewController.swift */; };
/* End PBXBuildFile section */

/* Begin PBXContainerItemProxy section */
		40BE6B9B1C7BB09E00F56895 /* PBXContainerItemProxy */ = {
			isa = PBXContainerItemProxy;
			containerPortal = 40BE6B911C7BB09E00F56895 /* Alamofire.xcodeproj */;
			proxyType = 2;
			remoteGlobalIDString = F8111E3319A95C8B0040E7D1;
			remoteInfo = "Alamofire iOS";
		};
		40BE6B9D1C7BB09E00F56895 /* PBXContainerItemProxy */ = {
			isa = PBXContainerItemProxy;
			containerPortal = 40BE6B911C7BB09E00F56895 /* Alamofire.xcodeproj */;
			proxyType = 2;
			remoteGlobalIDString = F8111E3E19A95C8B0040E7D1;
			remoteInfo = "Alamofire iOS Tests";
		};
		40BE6B9F1C7BB09E00F56895 /* PBXContainerItemProxy */ = {
			isa = PBXContainerItemProxy;
			containerPortal = 40BE6B911C7BB09E00F56895 /* Alamofire.xcodeproj */;
			proxyType = 2;
			remoteGlobalIDString = 4DD67C0B1A5C55C900ED2280;
			remoteInfo = "Alamofire OSX";
		};
		40BE6BA11C7BB09E00F56895 /* PBXContainerItemProxy */ = {
			isa = PBXContainerItemProxy;
			containerPortal = 40BE6B911C7BB09E00F56895 /* Alamofire.xcodeproj */;
			proxyType = 2;
			remoteGlobalIDString = F829C6B21A7A94F100A2CD59;
			remoteInfo = "Alamofire OSX Tests";
		};
		40BE6BA31C7BB09E00F56895 /* PBXContainerItemProxy */ = {
			isa = PBXContainerItemProxy;
			containerPortal = 40BE6B911C7BB09E00F56895 /* Alamofire.xcodeproj */;
			proxyType = 2;
			remoteGlobalIDString = 4CF626EF1BA7CB3E0011A099;
			remoteInfo = "Alamofire tvOS";
		};
		40BE6BA51C7BB09E00F56895 /* PBXContainerItemProxy */ = {
			isa = PBXContainerItemProxy;
			containerPortal = 40BE6B911C7BB09E00F56895 /* Alamofire.xcodeproj */;
			proxyType = 2;
			remoteGlobalIDString = 4CF626F81BA7CB3E0011A099;
			remoteInfo = "Alamofire tvOS Tests";
		};
		40BE6BA71C7BB09E00F56895 /* PBXContainerItemProxy */ = {
			isa = PBXContainerItemProxy;
			containerPortal = 40BE6B911C7BB09E00F56895 /* Alamofire.xcodeproj */;
			proxyType = 2;
			remoteGlobalIDString = E4202FE01B667AA100C997FB;
			remoteInfo = "Alamofire watchOS";
		};
		40BE6BB01C7BB10100F56895 /* PBXContainerItemProxy */ = {
			isa = PBXContainerItemProxy;
			containerPortal = 40BE6B911C7BB09E00F56895 /* Alamofire.xcodeproj */;
			proxyType = 1;
			remoteGlobalIDString = F8111E3219A95C8B0040E7D1;
			remoteInfo = "Alamofire iOS";
		};
/* End PBXContainerItemProxy section */

/* Begin PBXCopyFilesBuildPhase section */
		40BE6BB21C7BB10200F56895 /* Embed Frameworks */ = {
			isa = PBXCopyFilesBuildPhase;
			buildActionMask = 2147483647;
			dstPath = "";
			dstSubfolderSpec = 10;
			files = (
				40BE6BAF1C7BB10100F56895 /* Alamofire.framework in Embed Frameworks */,
			);
			name = "Embed Frameworks";
			runOnlyForDeploymentPostprocessing = 0;
		};
/* End PBXCopyFilesBuildPhase section */

/* Begin PBXFileReference section */
		40312BDA1C39D3BC0090D6A1 /* DNApp.app */ = {isa = PBXFileReference; explicitFileType = wrapper.application; includeInIndex = 0; path = DNApp.app; sourceTree = BUILT_PRODUCTS_DIR; };
		40312BDD1C39D3BC0090D6A1 /* AppDelegate.swift */ = {isa = PBXFileReference; lastKnownFileType = sourcecode.swift; path = AppDelegate.swift; sourceTree = "<group>"; };
		40312BE21C39D3BC0090D6A1 /* Base */ = {isa = PBXFileReference; lastKnownFileType = file.storyboard; name = Base; path = Base.lproj/Main.storyboard; sourceTree = "<group>"; };
		40312BE51C39D3BC0090D6A1 /* DNApp.xcdatamodel */ = {isa = PBXFileReference; lastKnownFileType = wrapper.xcdatamodel; path = DNApp.xcdatamodel; sourceTree = "<group>"; };
		40312BE71C39D3BC0090D6A1 /* Assets.xcassets */ = {isa = PBXFileReference; lastKnownFileType = folder.assetcatalog; path = Assets.xcassets; sourceTree = "<group>"; };
		40312BEA1C39D3BC0090D6A1 /* Base */ = {isa = PBXFileReference; lastKnownFileType = file.storyboard; name = Base; path = Base.lproj/LaunchScreen.storyboard; sourceTree = "<group>"; };
		40312BEC1C39D3BC0090D6A1 /* Info.plist */ = {isa = PBXFileReference; lastKnownFileType = text.plist.xml; path = Info.plist; sourceTree = "<group>"; };
		404787251C41A3E50055368A /* SwiftyJSON.swift */ = {isa = PBXFileReference; fileEncoding = 4; lastKnownFileType = sourcecode.swift; name = SwiftyJSON.swift; path = Spring/SwiftyJSON.swift; sourceTree = "<group>"; };
		404787271C41AE010055368A /* CommentTableViewCell.swift */ = {isa = PBXFileReference; fileEncoding = 4; lastKnownFileType = sourcecode.swift; path = CommentTableViewCell.swift; sourceTree = "<group>"; };
		406B62241C7FB2220087DC52 /* LocalStore.swift */ = {isa = PBXFileReference; fileEncoding = 4; lastKnownFileType = sourcecode.swift; path = LocalStore.swift; sourceTree = "<group>"; };
		407577251C40CF7A00B8744C /* CommentsTableViewController.swift */ = {isa = PBXFileReference; fileEncoding = 4; lastKnownFileType = sourcecode.swift; path = CommentsTableViewController.swift; sourceTree = "<group>"; };
		408199071C3D096D006B0109 /* MenuViewController.swift */ = {isa = PBXFileReference; fileEncoding = 4; lastKnownFileType = sourcecode.swift; path = MenuViewController.swift; sourceTree = "<group>"; };
		408199091C3D0A32006B0109 /* WebViewController.swift */ = {isa = PBXFileReference; fileEncoding = 4; lastKnownFileType = sourcecode.swift; path = WebViewController.swift; sourceTree = "<group>"; };
		408A8E891C3BC33A009CFE23 /* LoginViewController.swift */ = {isa = PBXFileReference; fileEncoding = 4; lastKnownFileType = sourcecode.swift; path = LoginViewController.swift; sourceTree = "<group>"; };
		408A8E8B1C3BFD53009CFE23 /* LearnViewController.swift */ = {isa = PBXFileReference; fileEncoding = 4; lastKnownFileType = sourcecode.swift; path = LearnViewController.swift; sourceTree = "<group>"; };
		408A8E8D1C3C2F9B009CFE23 /* StoriesTableViewController.swift */ = {isa = PBXFileReference; fileEncoding = 4; lastKnownFileType = sourcecode.swift; path = StoriesTableViewController.swift; sourceTree = "<group>"; };
		408E4AD31C3A758500204F54 /* AsyncButton.swift */ = {isa = PBXFileReference; fileEncoding = 4; lastKnownFileType = sourcecode.swift; path = AsyncButton.swift; sourceTree = "<group>"; };
		408E4AD41C3A758500204F54 /* AsyncImageView.swift */ = {isa = PBXFileReference; fileEncoding = 4; lastKnownFileType = sourcecode.swift; path = AsyncImageView.swift; sourceTree = "<group>"; };
		408E4AD51C3A758500204F54 /* AutoTextView.swift */ = {isa = PBXFileReference; fileEncoding = 4; lastKnownFileType = sourcecode.swift; path = AutoTextView.swift; sourceTree = "<group>"; };
		408E4AD61C3A758500204F54 /* BlurView.swift */ = {isa = PBXFileReference; fileEncoding = 4; lastKnownFileType = sourcecode.swift; path = BlurView.swift; sourceTree = "<group>"; };
		408E4AD71C3A758500204F54 /* DesignableButton.swift */ = {isa = PBXFileReference; fileEncoding = 4; lastKnownFileType = sourcecode.swift; path = DesignableButton.swift; sourceTree = "<group>"; };
		408E4AD81C3A758500204F54 /* DesignableImageView.swift */ = {isa = PBXFileReference; fileEncoding = 4; lastKnownFileType = sourcecode.swift; path = DesignableImageView.swift; sourceTree = "<group>"; };
		408E4AD91C3A758500204F54 /* DesignableLabel.swift */ = {isa = PBXFileReference; fileEncoding = 4; lastKnownFileType = sourcecode.swift; path = DesignableLabel.swift; sourceTree = "<group>"; };
		408E4ADA1C3A758500204F54 /* DesignableTabBarController.swift */ = {isa = PBXFileReference; fileEncoding = 4; lastKnownFileType = sourcecode.swift; path = DesignableTabBarController.swift; sourceTree = "<group>"; };
		408E4ADB1C3A758500204F54 /* DesignableTextField.swift */ = {isa = PBXFileReference; fileEncoding = 4; lastKnownFileType = sourcecode.swift; path = DesignableTextField.swift; sourceTree = "<group>"; };
		408E4ADC1C3A758500204F54 /* DesignableTextView.swift */ = {isa = PBXFileReference; fileEncoding = 4; lastKnownFileType = sourcecode.swift; path = DesignableTextView.swift; sourceTree = "<group>"; };
		408E4ADD1C3A758500204F54 /* DesignableView.swift */ = {isa = PBXFileReference; fileEncoding = 4; lastKnownFileType = sourcecode.swift; path = DesignableView.swift; sourceTree = "<group>"; };
		408E4ADE1C3A758500204F54 /* ImageLoader.swift */ = {isa = PBXFileReference; fileEncoding = 4; lastKnownFileType = sourcecode.swift; path = ImageLoader.swift; sourceTree = "<group>"; };
		408E4ADF1C3A758500204F54 /* Info.plist */ = {isa = PBXFileReference; fileEncoding = 4; lastKnownFileType = text.plist.xml; path = Info.plist; sourceTree = "<group>"; };
		408E4AE01C3A758500204F54 /* KeyboardLayoutConstraint.swift */ = {isa = PBXFileReference; fileEncoding = 4; lastKnownFileType = sourcecode.swift; path = KeyboardLayoutConstraint.swift; sourceTree = "<group>"; };
		408E4AE11C3A758500204F54 /* LoadingView.swift */ = {isa = PBXFileReference; fileEncoding = 4; lastKnownFileType = sourcecode.swift; path = LoadingView.swift; sourceTree = "<group>"; };
		408E4AE21C3A758500204F54 /* LoadingView.xib */ = {isa = PBXFileReference; fileEncoding = 4; lastKnownFileType = file.xib; path = LoadingView.xib; sourceTree = "<group>"; };
		408E4AE31C3A758500204F54 /* Misc.swift */ = {isa = PBXFileReference; fileEncoding = 4; lastKnownFileType = sourcecode.swift; path = Misc.swift; sourceTree = "<group>"; };
		408E4AE41C3A758500204F54 /* SoundPlayer.swift */ = {isa = PBXFileReference; fileEncoding = 4; lastKnownFileType = sourcecode.swift; path = SoundPlayer.swift; sourceTree = "<group>"; };
		408E4AE51C3A758500204F54 /* Spring.h */ = {isa = PBXFileReference; fileEncoding = 4; lastKnownFileType = sourcecode.c.h; path = Spring.h; sourceTree = "<group>"; };
		408E4AE61C3A758500204F54 /* Spring.swift */ = {isa = PBXFileReference; fileEncoding = 4; lastKnownFileType = sourcecode.swift; path = Spring.swift; sourceTree = "<group>"; };
		408E4AE71C3A758500204F54 /* SpringAnimation.swift */ = {isa = PBXFileReference; fileEncoding = 4; lastKnownFileType = sourcecode.swift; path = SpringAnimation.swift; sourceTree = "<group>"; };
		408E4AE81C3A758500204F54 /* SpringButton.swift */ = {isa = PBXFileReference; fileEncoding = 4; lastKnownFileType = sourcecode.swift; path = SpringButton.swift; sourceTree = "<group>"; };
		408E4AE91C3A758500204F54 /* SpringImageView.swift */ = {isa = PBXFileReference; fileEncoding = 4; lastKnownFileType = sourcecode.swift; path = SpringImageView.swift; sourceTree = "<group>"; };
		408E4AEA1C3A758500204F54 /* SpringLabel.swift */ = {isa = PBXFileReference; fileEncoding = 4; lastKnownFileType = sourcecode.swift; path = SpringLabel.swift; sourceTree = "<group>"; };
		408E4AEB1C3A758500204F54 /* SpringTextField.swift */ = {isa = PBXFileReference; fileEncoding = 4; lastKnownFileType = sourcecode.swift; path = SpringTextField.swift; sourceTree = "<group>"; };
		408E4AEC1C3A758500204F54 /* SpringTextView.swift */ = {isa = PBXFileReference; fileEncoding = 4; lastKnownFileType = sourcecode.swift; path = SpringTextView.swift; sourceTree = "<group>"; };
		408E4AED1C3A758500204F54 /* SpringView.swift */ = {isa = PBXFileReference; fileEncoding = 4; lastKnownFileType = sourcecode.swift; path = SpringView.swift; sourceTree = "<group>"; };
		408E4AEE1C3A758500204F54 /* TransitionManager.swift */ = {isa = PBXFileReference; fileEncoding = 4; lastKnownFileType = sourcecode.swift; path = TransitionManager.swift; sourceTree = "<group>"; };
		408E4AEF1C3A758500204F54 /* TransitionZoom.swift */ = {isa = PBXFileReference; fileEncoding = 4; lastKnownFileType = sourcecode.swift; path = TransitionZoom.swift; sourceTree = "<group>"; };
		408E4AF01C3A758500204F54 /* UnwindSegue.swift */ = {isa = PBXFileReference; fileEncoding = 4; lastKnownFileType = sourcecode.swift; path = UnwindSegue.swift; sourceTree = "<group>"; };
		409B36D41C40398700693297 /* Data.swift */ = {isa = PBXFileReference; fileEncoding = 4; lastKnownFileType = sourcecode.swift; path = Data.swift; sourceTree = "<group>"; };
		40BE6B841C7BA70B00F56895 /* DNApp-Bridging-Header.h */ = {isa = PBXFileReference; lastKnownFileType = sourcecode.c.h; path = "DNApp-Bridging-Header.h"; sourceTree = "<group>"; };
		40BE6B851C7BA70B00F56895 /* TPKeyboardAvoidingCollectionView.h */ = {isa = PBXFileReference; fileEncoding = 4; lastKnownFileType = sourcecode.c.h; path = TPKeyboardAvoidingCollectionView.h; sourceTree = "<group>"; };
		40BE6B861C7BA70B00F56895 /* TPKeyboardAvoidingCollectionView.m */ = {isa = PBXFileReference; fileEncoding = 4; lastKnownFileType = sourcecode.c.objc; path = TPKeyboardAvoidingCollectionView.m; sourceTree = "<group>"; };
		40BE6B871C7BA70B00F56895 /* TPKeyboardAvoidingScrollView.h */ = {isa = PBXFileReference; fileEncoding = 4; lastKnownFileType = sourcecode.c.h; path = TPKeyboardAvoidingScrollView.h; sourceTree = "<group>"; };
		40BE6B881C7BA70B00F56895 /* TPKeyboardAvoidingScrollView.m */ = {isa = PBXFileReference; fileEncoding = 4; lastKnownFileType = sourcecode.c.objc; path = TPKeyboardAvoidingScrollView.m; sourceTree = "<group>"; };
		40BE6B891C7BA70B00F56895 /* TPKeyboardAvoidingTableView.h */ = {isa = PBXFileReference; fileEncoding = 4; lastKnownFileType = sourcecode.c.h; path = TPKeyboardAvoidingTableView.h; sourceTree = "<group>"; };
		40BE6B8A1C7BA70B00F56895 /* TPKeyboardAvoidingTableView.m */ = {isa = PBXFileReference; fileEncoding = 4; lastKnownFileType = sourcecode.c.objc; path = TPKeyboardAvoidingTableView.m; sourceTree = "<group>"; };
		40BE6B8B1C7BA70B00F56895 /* UIScrollView+TPKeyboardAvoidingAdditions.h */ = {isa = PBXFileReference; fileEncoding = 4; lastKnownFileType = sourcecode.c.h; path = "UIScrollView+TPKeyboardAvoidingAdditions.h"; sourceTree = "<group>"; };
		40BE6B8C1C7BA70B00F56895 /* UIScrollView+TPKeyboardAvoidingAdditions.m */ = {isa = PBXFileReference; fileEncoding = 4; lastKnownFileType = sourcecode.c.objc; path = "UIScrollView+TPKeyboardAvoidingAdditions.m"; sourceTree = "<group>"; };
		40BE6B911C7BB09E00F56895 /* Alamofire.xcodeproj */ = {isa = PBXFileReference; lastKnownFileType = "wrapper.pb-project"; name = Alamofire.xcodeproj; path = "Alamofire-master/Alamofire.xcodeproj"; sourceTree = "<group>"; };
		40BE6BB51C7BB15100F56895 /* DNService.swift */ = {isa = PBXFileReference; fileEncoding = 4; lastKnownFileType = sourcecode.swift; path = DNService.swift; sourceTree = "<group>"; };
		40EAD82A1C3D9C57005E0729 /* StoryTableViewCell.swift */ = {isa = PBXFileReference; fileEncoding = 4; lastKnownFileType = sourcecode.swift; path = StoryTableViewCell.swift; sourceTree = "<group>"; };
		40FD0FD31C8348EA00221806 /* ReplyViewController.swift */ = {isa = PBXFileReference; fileEncoding = 4; lastKnownFileType = sourcecode.swift; path = ReplyViewController.swift; sourceTree = "<group>"; };
/* End PBXFileReference section */

/* Begin PBXFrameworksBuildPhase section */
		40312BD71C39D3BC0090D6A1 /* Frameworks */ = {
			isa = PBXFrameworksBuildPhase;
			buildActionMask = 2147483647;
			files = (
				40BE6BAE1C7BB10100F56895 /* Alamofire.framework in Frameworks */,
			);
			runOnlyForDeploymentPostprocessing = 0;
		};
/* End PBXFrameworksBuildPhase section */

/* Begin PBXGroup section */
		40312BD11C39D3BC0090D6A1 = {
			isa = PBXGroup;
			children = (
				40312BDC1C39D3BC0090D6A1 /* DNApp */,
				40312BDB1C39D3BC0090D6A1 /* Products */,
				40BE6B911C7BB09E00F56895 /* Alamofire.xcodeproj */,
			);
			sourceTree = "<group>";
		};
		40312BDB1C39D3BC0090D6A1 /* Products */ = {
			isa = PBXGroup;
			children = (
				40312BDA1C39D3BC0090D6A1 /* DNApp.app */,
			);
			name = Products;
			sourceTree = "<group>";
		};
		40312BDC1C39D3BC0090D6A1 /* DNApp */ = {
			isa = PBXGroup;
			children = (
				40BE6B831C7BA6BC00F56895 /* TPKeyboardAvoiding */,
				408E4AD21C3A758500204F54 /* Spring */,
				404787251C41A3E50055368A /* SwiftyJSON.swift */,
				40312BDD1C39D3BC0090D6A1 /* AppDelegate.swift */,
				409B36D41C40398700693297 /* Data.swift */,
				40EAD82A1C3D9C57005E0729 /* StoryTableViewCell.swift */,
				408A8E8D1C3C2F9B009CFE23 /* StoriesTableViewController.swift */,
				404787271C41AE010055368A /* CommentTableViewCell.swift */,
				407577251C40CF7A00B8744C /* CommentsTableViewController.swift */,
				40FD0FD31C8348EA00221806 /* ReplyViewController.swift */,
				408199091C3D0A32006B0109 /* WebViewController.swift */,
				408199071C3D096D006B0109 /* MenuViewController.swift */,
				408A8E891C3BC33A009CFE23 /* LoginViewController.swift */,
				408A8E8B1C3BFD53009CFE23 /* LearnViewController.swift */,
				40312BE11C39D3BC0090D6A1 /* Main.storyboard */,
				40312BE71C39D3BC0090D6A1 /* Assets.xcassets */,
				40312BE91C39D3BC0090D6A1 /* LaunchScreen.storyboard */,
				40312BEC1C39D3BC0090D6A1 /* Info.plist */,
				40312BE41C39D3BC0090D6A1 /* DNApp.xcdatamodeld */,
				40BE6BB51C7BB15100F56895 /* DNService.swift */,
				406B62241C7FB2220087DC52 /* LocalStore.swift */,
			);
			path = DNApp;
			sourceTree = "<group>";
		};
		408E4AD21C3A758500204F54 /* Spring */ = {
			isa = PBXGroup;
			children = (
				408E4AD31C3A758500204F54 /* AsyncButton.swift */,
				408E4AD41C3A758500204F54 /* AsyncImageView.swift */,
				408E4AD51C3A758500204F54 /* AutoTextView.swift */,
				408E4AD61C3A758500204F54 /* BlurView.swift */,
				408E4AD71C3A758500204F54 /* DesignableButton.swift */,
				408E4AD81C3A758500204F54 /* DesignableImageView.swift */,
				408E4AD91C3A758500204F54 /* DesignableLabel.swift */,
				408E4ADA1C3A758500204F54 /* DesignableTabBarController.swift */,
				408E4ADB1C3A758500204F54 /* DesignableTextField.swift */,
				408E4ADC1C3A758500204F54 /* DesignableTextView.swift */,
				408E4ADD1C3A758500204F54 /* DesignableView.swift */,
				408E4ADE1C3A758500204F54 /* ImageLoader.swift */,
				408E4ADF1C3A758500204F54 /* Info.plist */,
				408E4AE01C3A758500204F54 /* KeyboardLayoutConstraint.swift */,
				408E4AE11C3A758500204F54 /* LoadingView.swift */,
				408E4AE21C3A758500204F54 /* LoadingView.xib */,
				408E4AE31C3A758500204F54 /* Misc.swift */,
				408E4AE41C3A758500204F54 /* SoundPlayer.swift */,
				408E4AE51C3A758500204F54 /* Spring.h */,
				408E4AE61C3A758500204F54 /* Spring.swift */,
				408E4AE71C3A758500204F54 /* SpringAnimation.swift */,
				408E4AE81C3A758500204F54 /* SpringButton.swift */,
				408E4AE91C3A758500204F54 /* SpringImageView.swift */,
				408E4AEA1C3A758500204F54 /* SpringLabel.swift */,
				408E4AEB1C3A758500204F54 /* SpringTextField.swift */,
				408E4AEC1C3A758500204F54 /* SpringTextView.swift */,
				408E4AED1C3A758500204F54 /* SpringView.swift */,
				408E4AEE1C3A758500204F54 /* TransitionManager.swift */,
				408E4AEF1C3A758500204F54 /* TransitionZoom.swift */,
				408E4AF01C3A758500204F54 /* UnwindSegue.swift */,
			);
			path = Spring;
			sourceTree = "<group>";
		};
		40BE6B831C7BA6BC00F56895 /* TPKeyboardAvoiding */ = {
			isa = PBXGroup;
			children = (
				40BE6B851C7BA70B00F56895 /* TPKeyboardAvoidingCollectionView.h */,
				40BE6B861C7BA70B00F56895 /* TPKeyboardAvoidingCollectionView.m */,
				40BE6B871C7BA70B00F56895 /* TPKeyboardAvoidingScrollView.h */,
				40BE6B881C7BA70B00F56895 /* TPKeyboardAvoidingScrollView.m */,
				40BE6B891C7BA70B00F56895 /* TPKeyboardAvoidingTableView.h */,
				40BE6B8A1C7BA70B00F56895 /* TPKeyboardAvoidingTableView.m */,
				40BE6B8B1C7BA70B00F56895 /* UIScrollView+TPKeyboardAvoidingAdditions.h */,
				40BE6B8C1C7BA70B00F56895 /* UIScrollView+TPKeyboardAvoidingAdditions.m */,
				40BE6B841C7BA70B00F56895 /* DNApp-Bridging-Header.h */,
			);
			name = TPKeyboardAvoiding;
			sourceTree = "<group>";
		};
		40BE6B921C7BB09E00F56895 /* Products */ = {
			isa = PBXGroup;
			children = (
				40BE6B9C1C7BB09E00F56895 /* Alamofire.framework */,
				40BE6B9E1C7BB09E00F56895 /* Alamofire iOS Tests.xctest */,
				40BE6BA01C7BB09E00F56895 /* Alamofire.framework */,
				40BE6BA21C7BB09E00F56895 /* Alamofire OSX Tests.xctest */,
				40BE6BA41C7BB09E00F56895 /* Alamofire.framework */,
				40BE6BA61C7BB09E00F56895 /* Alamofire tvOS Tests.xctest */,
				40BE6BA81C7BB09E00F56895 /* Alamofire.framework */,
			);
			name = Products;
			sourceTree = "<group>";
		};
/* End PBXGroup section */

/* Begin PBXNativeTarget section */
		40312BD91C39D3BC0090D6A1 /* DNApp */ = {
			isa = PBXNativeTarget;
			buildConfigurationList = 40312BEF1C39D3BC0090D6A1 /* Build configuration list for PBXNativeTarget "DNApp" */;
			buildPhases = (
				40312BD61C39D3BC0090D6A1 /* Sources */,
				40312BD71C39D3BC0090D6A1 /* Frameworks */,
				40312BD81C39D3BC0090D6A1 /* Resources */,
				40BE6BB21C7BB10200F56895 /* Embed Frameworks */,
			);
			buildRules = (
			);
			dependencies = (
				40BE6BB11C7BB10100F56895 /* PBXTargetDependency */,
			);
			name = DNApp;
			productName = DNApp;
			productReference = 40312BDA1C39D3BC0090D6A1 /* DNApp.app */;
			productType = "com.apple.product-type.application";
		};
/* End PBXNativeTarget section */

/* Begin PBXProject section */
		40312BD21C39D3BC0090D6A1 /* Project object */ = {
			isa = PBXProject;
			attributes = {
				LastSwiftUpdateCheck = 0720;
				LastUpgradeCheck = 0720;
				ORGANIZATIONNAME = "Cristian Lucania";
				TargetAttributes = {
					40312BD91C39D3BC0090D6A1 = {
						CreatedOnToolsVersion = 7.2;
						DevelopmentTeam = VQU9WNSE68;
					};
				};
			};
			buildConfigurationList = 40312BD51C39D3BC0090D6A1 /* Build configuration list for PBXProject "DNApp" */;
			compatibilityVersion = "Xcode 3.2";
			developmentRegion = English;
			hasScannedForEncodings = 0;
			knownRegions = (
				en,
				Base,
			);
			mainGroup = 40312BD11C39D3BC0090D6A1;
			productRefGroup = 40312BDB1C39D3BC0090D6A1 /* Products */;
			projectDirPath = "";
			projectReferences = (
				{
					ProductGroup = 40BE6B921C7BB09E00F56895 /* Products */;
					ProjectRef = 40BE6B911C7BB09E00F56895 /* Alamofire.xcodeproj */;
				},
			);
			projectRoot = "";
			targets = (
				40312BD91C39D3BC0090D6A1 /* DNApp */,
			);
		};
/* End PBXProject section */

/* Begin PBXReferenceProxy section */
		40BE6B9C1C7BB09E00F56895 /* Alamofire.framework */ = {
			isa = PBXReferenceProxy;
			fileType = wrapper.framework;
			path = Alamofire.framework;
			remoteRef = 40BE6B9B1C7BB09E00F56895 /* PBXContainerItemProxy */;
			sourceTree = BUILT_PRODUCTS_DIR;
		};
		40BE6B9E1C7BB09E00F56895 /* Alamofire iOS Tests.xctest */ = {
			isa = PBXReferenceProxy;
			fileType = wrapper.cfbundle;
			path = "Alamofire iOS Tests.xctest";
			remoteRef = 40BE6B9D1C7BB09E00F56895 /* PBXContainerItemProxy */;
			sourceTree = BUILT_PRODUCTS_DIR;
		};
		40BE6BA01C7BB09E00F56895 /* Alamofire.framework */ = {
			isa = PBXReferenceProxy;
			fileType = wrapper.framework;
			path = Alamofire.framework;
			remoteRef = 40BE6B9F1C7BB09E00F56895 /* PBXContainerItemProxy */;
			sourceTree = BUILT_PRODUCTS_DIR;
		};
		40BE6BA21C7BB09E00F56895 /* Alamofire OSX Tests.xctest */ = {
			isa = PBXReferenceProxy;
			fileType = wrapper.cfbundle;
			path = "Alamofire OSX Tests.xctest";
			remoteRef = 40BE6BA11C7BB09E00F56895 /* PBXContainerItemProxy */;
			sourceTree = BUILT_PRODUCTS_DIR;
		};
		40BE6BA41C7BB09E00F56895 /* Alamofire.framework */ = {
			isa = PBXReferenceProxy;
			fileType = wrapper.framework;
			path = Alamofire.framework;
			remoteRef = 40BE6BA31C7BB09E00F56895 /* PBXContainerItemProxy */;
			sourceTree = BUILT_PRODUCTS_DIR;
		};
		40BE6BA61C7BB09E00F56895 /* Alamofire tvOS Tests.xctest */ = {
			isa = PBXReferenceProxy;
			fileType = wrapper.cfbundle;
			path = "Alamofire tvOS Tests.xctest";
			remoteRef = 40BE6BA51C7BB09E00F56895 /* PBXContainerItemProxy */;
			sourceTree = BUILT_PRODUCTS_DIR;
		};
		40BE6BA81C7BB09E00F56895 /* Alamofire.framework */ = {
			isa = PBXReferenceProxy;
			fileType = wrapper.framework;
			path = Alamofire.framework;
			remoteRef = 40BE6BA71C7BB09E00F56895 /* PBXContainerItemProxy */;
			sourceTree = BUILT_PRODUCTS_DIR;
		};
/* End PBXReferenceProxy section */

/* Begin PBXResourcesBuildPhase section */
		40312BD81C39D3BC0090D6A1 /* Resources */ = {
			isa = PBXResourcesBuildPhase;
			buildActionMask = 2147483647;
			files = (
				408E4AFD1C3A758500204F54 /* Info.plist in Resources */,
				40312BEB1C39D3BC0090D6A1 /* LaunchScreen.storyboard in Resources */,
				40312BE81C39D3BC0090D6A1 /* Assets.xcassets in Resources */,
				40312BE31C39D3BC0090D6A1 /* Main.storyboard in Resources */,
				408E4B001C3A758500204F54 /* LoadingView.xib in Resources */,
			);
			runOnlyForDeploymentPostprocessing = 0;
		};
/* End PBXResourcesBuildPhase section */

/* Begin PBXSourcesBuildPhase section */
		40312BD61C39D3BC0090D6A1 /* Sources */ = {
			isa = PBXSourcesBuildPhase;
			buildActionMask = 2147483647;
			files = (
				408E4AF71C3A758500204F54 /* DesignableLabel.swift in Sources */,
				40BE6B901C7BA70B00F56895 /* UIScrollView+TPKeyboardAvoidingAdditions.m in Sources */,
				408E4B061C3A758500204F54 /* SpringImageView.swift in Sources */,
				408E4AF31C3A758500204F54 /* AutoTextView.swift in Sources */,
				408E4AFC1C3A758500204F54 /* ImageLoader.swift in Sources */,
				408199081C3D096D006B0109 /* MenuViewController.swift in Sources */,
				408E4B011C3A758500204F54 /* Misc.swift in Sources */,
				40BE6B8E1C7BA70B00F56895 /* TPKeyboardAvoidingScrollView.m in Sources */,
				408A8E8C1C3BFD53009CFE23 /* LearnViewController.swift in Sources */,
				40FD0FD41C8348EA00221806 /* ReplyViewController.swift in Sources */,
				404787261C41A3E50055368A /* SwiftyJSON.swift in Sources */,
				40BE6B8F1C7BA70B00F56895 /* TPKeyboardAvoidingTableView.m in Sources */,
				409B36D51C40398700693297 /* Data.swift in Sources */,
				408E4AF41C3A758500204F54 /* BlurView.swift in Sources */,
				40BE6B8D1C7BA70B00F56895 /* TPKeyboardAvoidingCollectionView.m in Sources */,
				408E4B0D1C3A758500204F54 /* UnwindSegue.swift in Sources */,
				408E4AFF1C3A758500204F54 /* LoadingView.swift in Sources */,
				408E4B081C3A758500204F54 /* SpringTextField.swift in Sources */,
				408E4B031C3A758500204F54 /* Spring.swift in Sources */,
				407577261C40CF7A00B8744C /* CommentsTableViewController.swift in Sources */,
				408E4B021C3A758500204F54 /* SoundPlayer.swift in Sources */,
				408E4AFB1C3A758500204F54 /* DesignableView.swift in Sources */,
				408A8E8A1C3BC33A009CFE23 /* LoginViewController.swift in Sources */,
				408E4AF81C3A758500204F54 /* DesignableTabBarController.swift in Sources */,
				406B62251C7FB2220087DC52 /* LocalStore.swift in Sources */,
				408E4AF51C3A758500204F54 /* DesignableButton.swift in Sources */,
				40312BE61C39D3BC0090D6A1 /* DNApp.xcdatamodeld in Sources */,
				408E4B0C1C3A758500204F54 /* TransitionZoom.swift in Sources */,
				408E4AF91C3A758500204F54 /* DesignableTextField.swift in Sources */,
				408E4B0B1C3A758500204F54 /* TransitionManager.swift in Sources */,
				408E4B071C3A758500204F54 /* SpringLabel.swift in Sources */,
				408E4AF11C3A758500204F54 /* AsyncButton.swift in Sources */,
				408A8E8E1C3C2F9B009CFE23 /* StoriesTableViewController.swift in Sources */,
				408E4AF21C3A758500204F54 /* AsyncImageView.swift in Sources */,
				408E4AFA1C3A758500204F54 /* DesignableTextView.swift in Sources */,
				408E4B0A1C3A758500204F54 /* SpringView.swift in Sources */,
				408E4B091C3A758500204F54 /* SpringTextView.swift in Sources */,
				408E4AFE1C3A758500204F54 /* KeyboardLayoutConstraint.swift in Sources */,
				4081990A1C3D0A32006B0109 /* WebViewController.swift in Sources */,
				408E4B051C3A758500204F54 /* SpringButton.swift in Sources */,
				404787281C41AE010055368A /* CommentTableViewCell.swift in Sources */,
				408E4B041C3A758500204F54 /* SpringAnimation.swift in Sources */,
				408E4AF61C3A758500204F54 /* DesignableImageView.swift in Sources */,
				40BE6BB61C7BB15100F56895 /* DNService.swift in Sources */,
				40312BDE1C39D3BC0090D6A1 /* AppDelegate.swift in Sources */,
				40EAD82B1C3D9C57005E0729 /* StoryTableViewCell.swift in Sources */,
			);
			runOnlyForDeploymentPostprocessing = 0;
		};
/* End PBXSourcesBuildPhase section */

/* Begin PBXTargetDependency section */
		40BE6BB11C7BB10100F56895 /* PBXTargetDependency */ = {
			isa = PBXTargetDependency;
			name = "Alamofire iOS";
			targetProxy = 40BE6BB01C7BB10100F56895 /* PBXContainerItemProxy */;
		};
/* End PBXTargetDependency section */

/* Begin PBXVariantGroup section */
		40312BE11C39D3BC0090D6A1 /* Main.storyboard */ = {
			isa = PBXVariantGroup;
			children = (
				40312BE21C39D3BC0090D6A1 /* Base */,
			);
			name = Main.storyboard;
			sourceTree = "<group>";
		};
		40312BE91C39D3BC0090D6A1 /* LaunchScreen.storyboard */ = {
			isa = PBXVariantGroup;
			children = (
				40312BEA1C39D3BC0090D6A1 /* Base */,
			);
			name = LaunchScreen.storyboard;
			sourceTree = "<group>";
		};
/* End PBXVariantGroup section */

/* Begin XCBuildConfiguration section */
		40312BED1C39D3BC0090D6A1 /* Debug */ = {
			isa = XCBuildConfiguration;
			buildSettings = {
				ALWAYS_SEARCH_USER_PATHS = NO;
				CLANG_CXX_LANGUAGE_STANDARD = "gnu++0x";
				CLANG_CXX_LIBRARY = "libc++";
				CLANG_ENABLE_MODULES = YES;
				CLANG_ENABLE_OBJC_ARC = YES;
				CLANG_WARN_BOOL_CONVERSION = YES;
				CLANG_WARN_CONSTANT_CONVERSION = YES;
				CLANG_WARN_DIRECT_OBJC_ISA_USAGE = YES_ERROR;
				CLANG_WARN_EMPTY_BODY = YES;
				CLANG_WARN_ENUM_CONVERSION = YES;
				CLANG_WARN_INT_CONVERSION = YES;
				CLANG_WARN_OBJC_ROOT_CLASS = YES_ERROR;
				CLANG_WARN_UNREACHABLE_CODE = YES;
				CLANG_WARN__DUPLICATE_METHOD_MATCH = YES;
				"CODE_SIGN_IDENTITY[sdk=iphoneos*]" = "iPhone Developer";
				COPY_PHASE_STRIP = NO;
				DEBUG_INFORMATION_FORMAT = dwarf;
				ENABLE_STRICT_OBJC_MSGSEND = YES;
				ENABLE_TESTABILITY = YES;
				GCC_C_LANGUAGE_STANDARD = gnu99;
				GCC_DYNAMIC_NO_PIC = NO;
				GCC_NO_COMMON_BLOCKS = YES;
				GCC_OPTIMIZATION_LEVEL = 0;
				GCC_PREPROCESSOR_DEFINITIONS = (
					"DEBUG=1",
					"$(inherited)",
				);
				GCC_WARN_64_TO_32_BIT_CONVERSION = YES;
				GCC_WARN_ABOUT_RETURN_TYPE = YES_ERROR;
				GCC_WARN_UNDECLARED_SELECTOR = YES;
				GCC_WARN_UNINITIALIZED_AUTOS = YES_AGGRESSIVE;
				GCC_WARN_UNUSED_FUNCTION = YES;
				GCC_WARN_UNUSED_VARIABLE = YES;
				IPHONEOS_DEPLOYMENT_TARGET = 9.2;
				MTL_ENABLE_DEBUG_INFO = YES;
				ONLY_ACTIVE_ARCH = YES;
				SDKROOT = iphoneos;
				SWIFT_OPTIMIZATION_LEVEL = "-Onone";
			};
			name = Debug;
		};
		40312BEE1C39D3BC0090D6A1 /* Release */ = {
			isa = XCBuildConfiguration;
			buildSettings = {
				ALWAYS_SEARCH_USER_PATHS = NO;
				CLANG_CXX_LANGUAGE_STANDARD = "gnu++0x";
				CLANG_CXX_LIBRARY = "libc++";
				CLANG_ENABLE_MODULES = YES;
				CLANG_ENABLE_OBJC_ARC = YES;
				CLANG_WARN_BOOL_CONVERSION = YES;
				CLANG_WARN_CONSTANT_CONVERSION = YES;
				CLANG_WARN_DIRECT_OBJC_ISA_USAGE = YES_ERROR;
				CLANG_WARN_EMPTY_BODY = YES;
				CLANG_WARN_ENUM_CONVERSION = YES;
				CLANG_WARN_INT_CONVERSION = YES;
				CLANG_WARN_OBJC_ROOT_CLASS = YES_ERROR;
				CLANG_WARN_UNREACHABLE_CODE = YES;
				CLANG_WARN__DUPLICATE_METHOD_MATCH = YES;
				"CODE_SIGN_IDENTITY[sdk=iphoneos*]" = "iPhone Developer";
				COPY_PHASE_STRIP = NO;
				DEBUG_INFORMATION_FORMAT = "dwarf-with-dsym";
				ENABLE_NS_ASSERTIONS = NO;
				ENABLE_STRICT_OBJC_MSGSEND = YES;
				GCC_C_LANGUAGE_STANDARD = gnu99;
				GCC_NO_COMMON_BLOCKS = YES;
				GCC_WARN_64_TO_32_BIT_CONVERSION = YES;
				GCC_WARN_ABOUT_RETURN_TYPE = YES_ERROR;
				GCC_WARN_UNDECLARED_SELECTOR = YES;
				GCC_WARN_UNINITIALIZED_AUTOS = YES_AGGRESSIVE;
				GCC_WARN_UNUSED_FUNCTION = YES;
				GCC_WARN_UNUSED_VARIABLE = YES;
				IPHONEOS_DEPLOYMENT_TARGET = 9.2;
				MTL_ENABLE_DEBUG_INFO = NO;
				SDKROOT = iphoneos;
				VALIDATE_PRODUCT = YES;
			};
			name = Release;
		};
		40312BF01C39D3BC0090D6A1 /* Debug */ = {
			isa = XCBuildConfiguration;
			buildSettings = {
				ASSETCATALOG_COMPILER_APPICON_NAME = AppIcon;
				CLANG_ENABLE_MODULES = YES;
				CODE_SIGN_IDENTITY = "iPhone Developer";
				EMBEDDED_CONTENT_CONTAINS_SWIFT = YES;
				INFOPLIST_FILE = DNApp/Info.plist;
				IPHONEOS_DEPLOYMENT_TARGET = 9.2;
				LD_RUNPATH_SEARCH_PATHS = "$(inherited) @executable_path/Frameworks";
				PRODUCT_BUNDLE_IDENTIFIER = Clear.DNApp;
				PRODUCT_NAME = "$(TARGET_NAME)";
				SWIFT_OBJC_BRIDGING_HEADER = "DNApp/DNApp-Bridging-Header.h";
				SWIFT_OPTIMIZATION_LEVEL = "-Onone";
			};
			name = Debug;
		};
		40312BF11C39D3BC0090D6A1 /* Release */ = {
			isa = XCBuildConfiguration;
			buildSettings = {
				ASSETCATALOG_COMPILER_APPICON_NAME = AppIcon;
				CLANG_ENABLE_MODULES = YES;
				CODE_SIGN_IDENTITY = "iPhone Developer";
				EMBEDDED_CONTENT_CONTAINS_SWIFT = YES;
				INFOPLIST_FILE = DNApp/Info.plist;
				IPHONEOS_DEPLOYMENT_TARGET = 9.2;
				LD_RUNPATH_SEARCH_PATHS = "$(inherited) @executable_path/Frameworks";
				PRODUCT_BUNDLE_IDENTIFIER = Clear.DNApp;
				PRODUCT_NAME = "$(TARGET_NAME)";
				SWIFT_OBJC_BRIDGING_HEADER = "DNApp/DNApp-Bridging-Header.h";
			};
			name = Release;
		};
/* End XCBuildConfiguration section */

/* Begin XCConfigurationList section */
		40312BD51C39D3BC0090D6A1 /* Build configuration list for PBXProject "DNApp" */ = {
			isa = XCConfigurationList;
			buildConfigurations = (
				40312BED1C39D3BC0090D6A1 /* Debug */,
				40312BEE1C39D3BC0090D6A1 /* Release */,
			);
			defaultConfigurationIsVisible = 0;
			defaultConfigurationName = Release;
		};
		40312BEF1C39D3BC0090D6A1 /* Build configuration list for PBXNativeTarget "DNApp" */ = {
			isa = XCConfigurationList;
			buildConfigurations = (
				40312BF01C39D3BC0090D6A1 /* Debug */,
				40312BF11C39D3BC0090D6A1 /* Release */,
			);
			defaultConfigurationIsVisible = 0;
			defaultConfigurationName = Release;
		};
/* End XCConfigurationList section */

/* Begin XCVersionGroup section */
		40312BE41C39D3BC0090D6A1 /* DNApp.xcdatamodeld */ = {
			isa = XCVersionGroup;
			children = (
				40312BE51C39D3BC0090D6A1 /* DNApp.xcdatamodel */,
			);
			currentVersion = 40312BE51C39D3BC0090D6A1 /* DNApp.xcdatamodel */;
			path = DNApp.xcdatamodeld;
			sourceTree = "<group>";
			versionGroupType = wrapper.xcdatamodel;
		};
/* End XCVersionGroup section */
	};
	rootObject = 40312BD21C39D3BC0090D6A1 /* Project object */;
}
